
Microsoft Visual Studio Solution File, Format Version 12.00
# Visual Studio 15
VisualStudioVersion = 15.0.28307.168
MinimumVisualStudioVersion = 10.0.40219.1
Project("{9A19103F-16F7-4668-BE54-9A1E7A4F7556}") = "Problem1", "Problem1\Problem1.csproj", "{F6B3AF75-AEE9-46E4-B84A-55C5504CA6DA}"
EndProject
Project("{FAE04EC0-301F-11D3-BF4B-00C04F79EFBC}") = "program2", "program2\program2.csproj", "{21F81094-0242-4C4F-9456-8982D08B7F3D}"
EndProject
Global
	GlobalSection(SolutionConfigurationPlatforms) = preSolution
		Debug|Any CPU = Debug|Any CPU
		Debug|ARM = Debug|ARM
		Debug|ARM64 = Debug|ARM64
		Debug|x64 = Debug|x64
		Debug|x86 = Debug|x86
		Release|Any CPU = Release|Any CPU
		Release|ARM = Release|ARM
		Release|ARM64 = Release|ARM64
		Release|x64 = Release|x64
		Release|x86 = Release|x86
	EndGlobalSection
	GlobalSection(ProjectConfigurationPlatforms) = postSolution
		{F6B3AF75-AEE9-46E4-B84A-55C5504CA6DA}.Debug|Any CPU.ActiveCfg = Debug|Any CPU
		{F6B3AF75-AEE9-46E4-B84A-55C5504CA6DA}.Debug|Any CPU.Build.0 = Debug|Any CPU
		{F6B3AF75-AEE9-46E4-B84A-55C5504CA6DA}.Debug|ARM.ActiveCfg = Debug|Any CPU
		{F6B3AF75-AEE9-46E4-B84A-55C5504CA6DA}.Debug|ARM.Build.0 = Debug|Any CPU
		{F6B3AF75-AEE9-46E4-B84A-55C5504CA6DA}.Debug|ARM64.ActiveCfg = Debug|Any CPU
		{F6B3AF75-AEE9-46E4-B84A-55C5504CA6DA}.Debug|ARM64.Build.0 = Debug|Any CPU
		{F6B3AF75-AEE9-46E4-B84A-55C5504CA6DA}.Debug|x64.ActiveCfg = Debug|Any CPU
		{F6B3AF75-AEE9-46E4-B84A-55C5504CA6DA}.Debug|x64.Build.0 = Debug|Any CPU
		{F6B3AF75-AEE9-46E4-B84A-55C5504CA6DA}.Debug|x86.ActiveCfg = Debug|Any CPU
		{F6B3AF75-AEE9-46E4-B84A-55C5504CA6DA}.Debug|x86.Build.0 = Debug|Any CPU
		{F6B3AF75-AEE9-46E4-B84A-55C5504CA6DA}.Release|Any CPU.ActiveCfg = Release|Any CPU
		{F6B3AF75-AEE9-46E4-B84A-55C5504CA6DA}.Release|Any CPU.Build.0 = Release|Any CPU
		{F6B3AF75-AEE9-46E4-B84A-55C5504CA6DA}.Release|ARM.ActiveCfg = Release|Any CPU
		{F6B3AF75-AEE9-46E4-B84A-55C5504CA6DA}.Release|ARM.Build.0 = Release|Any CPU
		{F6B3AF75-AEE9-46E4-B84A-55C5504CA6DA}.Release|ARM64.ActiveCfg = Release|Any CPU
		{F6B3AF75-AEE9-46E4-B84A-55C5504CA6DA}.Release|ARM64.Build.0 = Release|Any CPU
		{F6B3AF75-AEE9-46E4-B84A-55C5504CA6DA}.Release|x64.ActiveCfg = Release|Any CPU
		{F6B3AF75-AEE9-46E4-B84A-55C5504CA6DA}.Release|x64.Build.0 = Release|Any CPU
		{F6B3AF75-AEE9-46E4-B84A-55C5504CA6DA}.Release|x86.ActiveCfg = Release|Any CPU
		{F6B3AF75-AEE9-46E4-B84A-55C5504CA6DA}.Release|x86.Build.0 = Release|Any CPU
		{21F81094-0242-4C4F-9456-8982D08B7F3D}.Debug|Any CPU.ActiveCfg = Debug|x86
		{21F81094-0242-4C4F-9456-8982D08B7F3D}.Debug|Any CPU.Build.0 = Debug|x86
		{21F81094-0242-4C4F-9456-8982D08B7F3D}.Debug|Any CPU.Deploy.0 = Debug|x86
		{21F81094-0242-4C4F-9456-8982D08B7F3D}.Debug|ARM.ActiveCfg = Debug|ARM
		{21F81094-0242-4C4F-9456-8982D08B7F3D}.Debug|ARM.Build.0 = Debug|ARM
		{21F81094-0242-4C4F-9456-8982D08B7F3D}.Debug|ARM.Deploy.0 = Debug|ARM
		{21F81094-0242-4C4F-9456-8982D08B7F3D}.Debug|ARM64.ActiveCfg = Debug|ARM64
		{21F81094-0242-4C4F-9456-8982D08B7F3D}.Debug|ARM64.Build.0 = Debug|ARM64
		{21F81094-0242-4C4F-9456-8982D08B7F3D}.Debug|ARM64.Deploy.0 = Debug|ARM64
		{21F81094-0242-4C4F-9456-8982D08B7F3D}.Debug|x64.ActiveCfg = Debug|x64
		{21F81094-0242-4C4F-9456-8982D08B7F3D}.Debug|x64.Build.0 = Debug|x64
		{21F81094-0242-4C4F-9456-8982D08B7F3D}.Debug|x64.Deploy.0 = Debug|x64
		{21F81094-0242-4C4F-9456-8982D08B7F3D}.Debug|x86.ActiveCfg = Debug|x86
		{21F81094-0242-4C4F-9456-8982D08B7F3D}.Debug|x86.Build.0 = Debug|x86
		{21F81094-0242-4C4F-9456-8982D08B7F3D}.Debug|x86.Deploy.0 = Debug|x86
		{21F81094-0242-4C4F-9456-8982D08B7F3D}.Release|Any CPU.ActiveCfg = Release|x86
		{21F81094-0242-4C4F-9456-8982D08B7F3D}.Release|ARM.ActiveCfg = Release|ARM
		{21F81094-0242-4C4F-9456-8982D08B7F3D}.Release|ARM.Build.0 = Release|ARM
		{21F81094-0242-4C4F-9456-8982D08B7F3D}.Release|ARM.Deploy.0 = Release|ARM
		{21F81094-0242-4C4F-9456-8982D08B7F3D}.Release|ARM64.ActiveCfg = Release|ARM64
		{21F81094-0242-4C4F-9456-8982D08B7F3D}.Release|ARM64.Build.0 = Release|ARM64
		{21F81094-0242-4C4F-9456-8982D08B7F3D}.Release|ARM64.Deploy.0 = Release|ARM64
		{21F81094-0242-4C4F-9456-8982D08B7F3D}.Release|x64.ActiveCfg = Release|x64
		{21F81094-0242-4C4F-9456-8982D08B7F3D}.Release|x64.Build.0 = Release|x64
		{21F81094-0242-4C4F-9456-8982D08B7F3D}.Release|x64.Deploy.0 = Release|x64
		{21F81094-0242-4C4F-9456-8982D08B7F3D}.Release|x86.ActiveCfg = Release|x86
		{21F81094-0242-4C4F-9456-8982D08B7F3D}.Release|x86.Build.0 = Release|x86
		{21F81094-0242-4C4F-9456-8982D08B7F3D}.Release|x86.Deploy.0 = Release|x86
	EndGlobalSection
	GlobalSection(SolutionProperties) = preSolution
		HideSolutionNode = FALSE
	EndGlobalSection
	GlobalSection(ExtensibilityGlobals) = postSolution
		SolutionGuid = {8044567F-6A32-4214-968E-1F956B0AB7CF}
	EndGlobalSection
EndGlobal
